
Microsoft Visual Studio Solution File, Format Version 12.00
# Visual Studio 15
VisualStudioVersion = 15.0.27703.2042
MinimumVisualStudioVersion = 10.0.40219.1
Project("{9A19103F-16F7-4668-BE54-9A1E7A4F7556}") = "FireGiant.Identity", "src\FireGiant.Identity\FireGiant.Identity.csproj", "{07A45B98-17D6-472C-A938-388C876D7AB9}"
EndProject
Project("{9A19103F-16F7-4668-BE54-9A1E7A4F7556}") = "FGTest.Identity", "src\test\FGTest.Identity\FGTest.Identity.csproj", "{4357DAAC-5151-489A-91F8-22B89F1E1FEF}"
EndProject
Global
	GlobalSection(SolutionConfigurationPlatforms) = preSolution
		Debug|Any CPU = Debug|Any CPU
		Release|Any CPU = Release|Any CPU
	EndGlobalSection
	GlobalSection(ProjectConfigurationPlatforms) = postSolution
		{07A45B98-17D6-472C-A938-388C876D7AB9}.Debug|Any CPU.ActiveCfg = Debug|Any CPU
		{07A45B98-17D6-472C-A938-388C876D7AB9}.Debug|Any CPU.Build.0 = Debug|Any CPU
		{07A45B98-17D6-472C-A938-388C876D7AB9}.Release|Any CPU.ActiveCfg = Release|Any CPU
		{07A45B98-17D6-472C-A938-388C876D7AB9}.Release|Any CPU.Build.0 = Release|Any CPU
		{4357DAAC-5151-489A-91F8-22B89F1E1FEF}.Debug|Any CPU.ActiveCfg = Debug|Any CPU
		{4357DAAC-5151-489A-91F8-22B89F1E1FEF}.Debug|Any CPU.Build.0 = Debug|Any CPU
		{4357DAAC-5151-489A-91F8-22B89F1E1FEF}.Release|Any CPU.ActiveCfg = Release|Any CPU
		{4357DAAC-5151-489A-91F8-22B89F1E1FEF}.Release|Any CPU.Build.0 = Release|Any CPU
	EndGlobalSection
	GlobalSection(SolutionProperties) = preSolution
		HideSolutionNode = FALSE
	EndGlobalSection
	GlobalSection(ExtensibilityGlobals) = postSolution
		SolutionGuid = {F74A2739-4D0D-4034-A468-61A1D866AD5C}
	EndGlobalSection
EndGlobal
